// !$*UTF8*$!
{
	archiveVersion = 1;
	classes = {
	};
	objectVersion = 56;
	objects = {

/* Begin PBXBuildFile section */
		57D57C7E2F64239400C9A995 /* MyClassHubApp.swift in Sources */ = {isa = PBXBuildFile; fileRef = 57D57C7D2F64239400C9A995 /* MyClassHubApp.swift */; };
		57D57C802F64239400C9A995 /* ContentView.swift in Sources */ = {isa = PBXBuildFile; fileRef = 57D57C7F2F64239400C9A995 /* ContentView.swift */; };
		57D57C822F64239600C9A995 /* Assets.xcassets in Resources */ = {isa = PBXBuildFile; fileRef = 57D57C812F64239600C9A995 /* Assets.xcassets */; };
		57D57C852F64239600C9A995 /* Preview Assets.xcassets in Resources */ = {isa = PBXBuildFile; fileRef = 57D57C842F64239600C9A995 /* Preview Assets.xcassets */; };
		57D57C8F2F64239600C9A995 /* MyClassHubTests.swift in Sources */ = {isa = PBXBuildFile; fileRef = 57D57C8E2F64239600C9A995 /* MyClassHubTests.swift */; };
		57D57C992F64239600C9A995 /* MyClassHubUITests.swift in Sources */ = {isa = PBXBuildFile; fileRef = 57D57C982F64239600C9A995 /* MyClassHubUITests.swift */; };
		57D57C9B2F64239600C9A995 /* MyClassHubUITestsLaunchTests.swift in Sources */ = {isa = PBXBuildFile; fileRef = 57D57C9A2F64239600C9A995 /* MyClassHubUITestsLaunchTests.swift */; };
		57D57CAC2F64303A00C9A995 /* .gitignore in Resources */ = {isa = PBXBuildFile; fileRef = 57D57CAB2F64303900C9A995 /* .gitignore */; };
		57D6AA1E2F684A5C00B1D644 /* Batchmate.swift in Sources */ = {isa = PBXBuildFile; fileRef = 57D6AA1D2F684A5C00B1D644 /* Batchmate.swift */; };
		57D6AA202F684A9A00B1D644 /* BatchmateService.swift in Sources */ = {isa = PBXBuildFile; fileRef = 57D6AA1F2F684A9A00B1D644 /* BatchmateService.swift */; };
		57D6AA222F684B0F00B1D644 /* BatchmateViewModel.swift in Sources */ = {isa = PBXBuildFile; fileRef = 57D6AA212F684B0F00B1D644 /* BatchmateViewModel.swift */; };
		57D6AA242F684B4900B1D644 /* MyBatchmatesView.swift in Sources */ = {isa = PBXBuildFile; fileRef = 57D6AA232F684B4900B1D644 /* MyBatchmatesView.swift */; };
		57D6AA262F684B8700B1D644 /* BatchmateCardView.swift in Sources */ = {isa = PBXBuildFile; fileRef = 57D6AA252F684B8700B1D644 /* BatchmateCardView.swift */; };
		57D6AA282F684BB800B1D644 /* BatchmateDetailView.swift in Sources */ = {isa = PBXBuildFile; fileRef = 57D6AA272F684BB800B1D644 /* BatchmateDetailView.swift */; };
		57E034952F68133000282168 /* FirebaseAuth in Frameworks */ = {isa = PBXBuildFile; productRef = 57E034942F68133000282168 /* FirebaseAuth */; };
		57E034972F68133000282168 /* FirebaseFirestore in Frameworks */ = {isa = PBXBuildFile; productRef = 57E034962F68133000282168 /* FirebaseFirestore */; };
		57E034992F68133000282168 /* FirebaseMessaging in Frameworks */ = {isa = PBXBuildFile; productRef = 57E034982F68133000282168 /* FirebaseMessaging */; };
		57E0349B2F68133000282168 /* FirebaseStorage in Frameworks */ = {isa = PBXBuildFile; productRef = 57E0349A2F68133000282168 /* FirebaseStorage */; };
		57E0349E2F6814C900282168 /* User.swift in Sources */ = {isa = PBXBuildFile; fileRef = 57E0349D2F6814C900282168 /* User.swift */; };
		57E034A12F6814FD00282168 /* AuthService.swift in Sources */ = {isa = PBXBuildFile; fileRef = 57E034A02F6814FD00282168 /* AuthService.swift */; };
		57E034A42F6815CF00282168 /* AuthViewModel.swift in Sources */ = {isa = PBXBuildFile; fileRef = 57E034A32F6815CF00282168 /* AuthViewModel.swift */; };
		57E034A72F68163400282168 /* RootView.swift in Sources */ = {isa = PBXBuildFile; fileRef = 57E034A62F68163400282168 /* RootView.swift */; };
		57E034AA2F68175400282168 /* LoginView.swift in Sources */ = {isa = PBXBuildFile; fileRef = 57E034A92F68175400282168 /* LoginView.swift */; };
		57E034AC2F6817AD00282168 /* RegisterView.swift in Sources */ = {isa = PBXBuildFile; fileRef = 57E034AB2F6817AD00282168 /* RegisterView.swift */; };
		57E034AF2F6817EB00282168 /* LoadingView.swift in Sources */ = {isa = PBXBuildFile; fileRef = 57E034AE2F6817EB00282168 /* LoadingView.swift */; };
		57E034B22F68197C00282168 /* AdminDashboardView.swift in Sources */ = {isa = PBXBuildFile; fileRef = 57E034B12F68197C00282168 /* AdminDashboardView.swift */; };
		57E034B52F6819A000282168 /* UserDashboardView.swift in Sources */ = {isa = PBXBuildFile; fileRef = 57E034B42F6819A000282168 /* UserDashboardView.swift */; };
		57E034B72F68262C00282168 /* SettingsView.swift in Sources */ = {isa = PBXBuildFile; fileRef = 57E034B62F68262C00282168 /* SettingsView.swift */; };
		57E8B1012F683A1A000C4E1D /* Teacher.swift in Sources */ = {isa = PBXBuildFile; fileRef = 57E8B1002F683A1A000C4E1D /* Teacher.swift */; };
		57E8B1032F683A4B000C4E1D /* TeacherService.swift in Sources */ = {isa = PBXBuildFile; fileRef = 57E8B1022F683A4B000C4E1D /* TeacherService.swift */; };
		57E8B1052F683AC4000C4E1D /* TeacherViewModel.swift in Sources */ = {isa = PBXBuildFile; fileRef = 57E8B1042F683AC4000C4E1D /* TeacherViewModel.swift */; };
		57E8B1072F683B19000C4E1D /* OurTeachersView.swift in Sources */ = {isa = PBXBuildFile; fileRef = 57E8B1062F683B18000C4E1D /* OurTeachersView.swift */; };
		57E8B1092F683B91000C4E1D /* TeacherRowView.swift in Sources */ = {isa = PBXBuildFile; fileRef = 57E8B1082F683B91000C4E1D /* TeacherRowView.swift */; };
		57E8B10B2F683BD9000C4E1D /* TeacherDetailView.swift in Sources */ = {isa = PBXBuildFile; fileRef = 57E8B10A2F683BD9000C4E1D /* TeacherDetailView.swift */; };
		D838D8CF2F7BF1A20056A392 /* GoogleService-Info.plist in Resources */ = {isa = PBXBuildFile; fileRef = D838D8CE2F7BF1A20056A392 /* GoogleService-Info.plist */; };
		D838D8D12F7BF5270056A392 /* Routine.swift in Sources */ = {isa = PBXBuildFile; fileRef = D838D8D02F7BF5270056A392 /* Routine.swift */; };
		D838D8D32F7BF5560056A392 /* RoutineService.swift in Sources */ = {isa = PBXBuildFile; fileRef = D838D8D22F7BF5560056A392 /* RoutineService.swift */; };
		D838D8D52F7BF57B0056A392 /* RoutineViewModel.swift in Sources */ = {isa = PBXBuildFile; fileRef = D838D8D42F7BF57B0056A392 /* RoutineViewModel.swift */; };
		D838D8D72F7BF5A10056A392 /* RoutineView.swift in Sources */ = {isa = PBXBuildFile; fileRef = D838D8D62F7BF5A10056A392 /* RoutineView.swift */; };
		D838D8DA2F7BF69B0056A392 /* ClassSlotCard.swift in Sources */ = {isa = PBXBuildFile; fileRef = D838D8D92F7BF69B0056A392 /* ClassSlotCard.swift */; };
		D838D8DC2F7BF6C20056A392 /* DayChip.swift in Sources */ = {isa = PBXBuildFile; fileRef = D838D8DB2F7BF6C20056A392 /* DayChip.swift */; };
		D838D8DF2F7BFBD50056A392 /* AdminRoutineView.swift in Sources */ = {isa = PBXBuildFile; fileRef = D838D8DE2F7BFBD50056A392 /* AdminRoutineView.swift */; };
		D838D8E12F7BFBEB0056A392 /* AdminRoutineViewModel.swift in Sources */ = {isa = PBXBuildFile; fileRef = D838D8E02F7BFBEB0056A392 /* AdminRoutineViewModel.swift */; };
		D838D8E72F7BFC670056A392 /* AdminRoutineService.swift in Sources */ = {isa = PBXBuildFile; fileRef = D838D8E62F7BFC670056A392 /* AdminRoutineService.swift */; };
		D838D8E92F7BFD210056A392 /* PDFRoutineData.swift in Sources */ = {isa = PBXBuildFile; fileRef = D838D8E82F7BFD210056A392 /* PDFRoutineData.swift */; };
		D838D8EB2F7C1F560056A392 /* Notice.swift in Sources */ = {isa = PBXBuildFile; fileRef = D838D8EA2F7C1F560056A392 /* Notice.swift */; };
		D838D8ED2F7C1F950056A392 /* NoticeService.swift in Sources */ = {isa = PBXBuildFile; fileRef = D838D8EC2F7C1F950056A392 /* NoticeService.swift */; };
		D838D8EF2F7C1FBF0056A392 /* NoticeViewModel.swift in Sources */ = {isa = PBXBuildFile; fileRef = D838D8EE2F7C1FBF0056A392 /* NoticeViewModel.swift */; };
		D838D8F12F7C1FFF0056A392 /* NoticeListView.swift in Sources */ = {isa = PBXBuildFile; fileRef = D838D8F02F7C1FFF0056A392 /* NoticeListView.swift */; };
		D838D8F32F7C20320056A392 /* AdminNoticeView.swift in Sources */ = {isa = PBXBuildFile; fileRef = D838D8F22F7C20320056A392 /* AdminNoticeView.swift */; };
/* End PBXBuildFile section */

/* Begin PBXContainerItemProxy section */
		57D57C8B2F64239600C9A995 /* PBXContainerItemProxy */ = {
			isa = PBXContainerItemProxy;
			containerPortal = 57D57C722F64239400C9A995 /* Project object */;
			proxyType = 1;
			remoteGlobalIDString = 57D57C792F64239400C9A995;
			remoteInfo = MyClassHub;
		};
		57D57C952F64239600C9A995 /* PBXContainerItemProxy */ = {
			isa = PBXContainerItemProxy;
			containerPortal = 57D57C722F64239400C9A995 /* Project object */;
			proxyType = 1;
			remoteGlobalIDString = 57D57C792F64239400C9A995;
			remoteInfo = MyClassHub;
		};
/* End PBXContainerItemProxy section */

/* Begin PBXFileReference section */
		57D57C7A2F64239400C9A995 /* MyClassHub.app */ = {isa = PBXFileReference; explicitFileType = wrapper.application; includeInIndex = 0; path = MyClassHub.app; sourceTree = BUILT_PRODUCTS_DIR; };
		57D57C7D2F64239400C9A995 /* MyClassHubApp.swift */ = {isa = PBXFileReference; lastKnownFileType = sourcecode.swift; path = MyClassHubApp.swift; sourceTree = "<group>"; };
		57D57C7F2F64239400C9A995 /* ContentView.swift */ = {isa = PBXFileReference; lastKnownFileType = sourcecode.swift; path = ContentView.swift; sourceTree = "<group>"; };
		57D57C812F64239600C9A995 /* Assets.xcassets */ = {isa = PBXFileReference; lastKnownFileType = folder.assetcatalog; path = Assets.xcassets; sourceTree = "<group>"; };
		57D57C842F64239600C9A995 /* Preview Assets.xcassets */ = {isa = PBXFileReference; lastKnownFileType = folder.assetcatalog; path = "Preview Assets.xcassets"; sourceTree = "<group>"; };
		57D57C8A2F64239600C9A995 /* MyClassHubTests.xctest */ = {isa = PBXFileReference; explicitFileType = wrapper.cfbundle; includeInIndex = 0; path = MyClassHubTests.xctest; sourceTree = BUILT_PRODUCTS_DIR; };
		57D57C8E2F64239600C9A995 /* MyClassHubTests.swift */ = {isa = PBXFileReference; lastKnownFileType = sourcecode.swift; path = MyClassHubTests.swift; sourceTree = "<group>"; };
		57D57C942F64239600C9A995 /* MyClassHubUITests.xctest */ = {isa = PBXFileReference; explicitFileType = wrapper.cfbundle; includeInIndex = 0; path = MyClassHubUITests.xctest; sourceTree = BUILT_PRODUCTS_DIR; };
		57D57C982F64239600C9A995 /* MyClassHubUITests.swift */ = {isa = PBXFileReference; lastKnownFileType = sourcecode.swift; path = MyClassHubUITests.swift; sourceTree = "<group>"; };
		57D57C9A2F64239600C9A995 /* MyClassHubUITestsLaunchTests.swift */ = {isa = PBXFileReference; lastKnownFileType = sourcecode.swift; path = MyClassHubUITestsLaunchTests.swift; sourceTree = "<group>"; };
		57D57CAB2F64303900C9A995 /* .gitignore */ = {isa = PBXFileReference; fileEncoding = 4; lastKnownFileType = text; path = .gitignore; sourceTree = "<group>"; };
		57D6AA1D2F684A5C00B1D644 /* Batchmate.swift */ = {isa = PBXFileReference; lastKnownFileType = sourcecode.swift; path = Batchmate.swift; sourceTree = "<group>"; };
		57D6AA1F2F684A9A00B1D644 /* BatchmateService.swift */ = {isa = PBXFileReference; lastKnownFileType = sourcecode.swift; path = BatchmateService.swift; sourceTree = "<group>"; };
		57D6AA212F684B0F00B1D644 /* BatchmateViewModel.swift */ = {isa = PBXFileReference; lastKnownFileType = sourcecode.swift; path = BatchmateViewModel.swift; sourceTree = "<group>"; };
		57D6AA232F684B4900B1D644 /* MyBatchmatesView.swift */ = {isa = PBXFileReference; lastKnownFileType = sourcecode.swift; path = MyBatchmatesView.swift; sourceTree = "<group>"; };
		57D6AA252F684B8700B1D644 /* BatchmateCardView.swift */ = {isa = PBXFileReference; lastKnownFileType = sourcecode.swift; path = BatchmateCardView.swift; sourceTree = "<group>"; };
		57D6AA272F684BB800B1D644 /* BatchmateDetailView.swift */ = {isa = PBXFileReference; lastKnownFileType = sourcecode.swift; path = BatchmateDetailView.swift; sourceTree = "<group>"; };
		57E0349D2F6814C900282168 /* User.swift */ = {isa = PBXFileReference; lastKnownFileType = sourcecode.swift; path = User.swift; sourceTree = "<group>"; };
		57E034A02F6814FD00282168 /* AuthService.swift */ = {isa = PBXFileReference; lastKnownFileType = sourcecode.swift; path = AuthService.swift; sourceTree = "<group>"; };
		57E034A32F6815CF00282168 /* AuthViewModel.swift */ = {isa = PBXFileReference; lastKnownFileType = sourcecode.swift; path = AuthViewModel.swift; sourceTree = "<group>"; };
		57E034A62F68163400282168 /* RootView.swift */ = {isa = PBXFileReference; lastKnownFileType = sourcecode.swift; path = RootView.swift; sourceTree = "<group>"; };
		57E034A92F68175400282168 /* LoginView.swift */ = {isa = PBXFileReference; lastKnownFileType = sourcecode.swift; path = LoginView.swift; sourceTree = "<group>"; };
		57E034AB2F6817AD00282168 /* RegisterView.swift */ = {isa = PBXFileReference; lastKnownFileType = sourcecode.swift; path = RegisterView.swift; sourceTree = "<group>"; };
		57E034AE2F6817EB00282168 /* LoadingView.swift */ = {isa = PBXFileReference; lastKnownFileType = sourcecode.swift; path = LoadingView.swift; sourceTree = "<group>"; };
		57E034B12F68197C00282168 /* AdminDashboardView.swift */ = {isa = PBXFileReference; lastKnownFileType = sourcecode.swift; path = AdminDashboardView.swift; sourceTree = "<group>"; };
		57E034B42F6819A000282168 /* UserDashboardView.swift */ = {isa = PBXFileReference; lastKnownFileType = sourcecode.swift; path = UserDashboardView.swift; sourceTree = "<group>"; };
		57E034B62F68262C00282168 /* SettingsView.swift */ = {isa = PBXFileReference; lastKnownFileType = sourcecode.swift; path = SettingsView.swift; sourceTree = "<group>"; };
		57E8B1002F683A1A000C4E1D /* Teacher.swift */ = {isa = PBXFileReference; lastKnownFileType = sourcecode.swift; path = Teacher.swift; sourceTree = "<group>"; };
		57E8B1022F683A4B000C4E1D /* TeacherService.swift */ = {isa = PBXFileReference; lastKnownFileType = sourcecode.swift; path = TeacherService.swift; sourceTree = "<group>"; };
		57E8B1042F683AC4000C4E1D /* TeacherViewModel.swift */ = {isa = PBXFileReference; lastKnownFileType = sourcecode.swift; path = TeacherViewModel.swift; sourceTree = "<group>"; };
		57E8B1062F683B18000C4E1D /* OurTeachersView.swift */ = {isa = PBXFileReference; lastKnownFileType = sourcecode.swift; path = OurTeachersView.swift; sourceTree = "<group>"; };
		57E8B1082F683B91000C4E1D /* TeacherRowView.swift */ = {isa = PBXFileReference; lastKnownFileType = sourcecode.swift; path = TeacherRowView.swift; sourceTree = "<group>"; };
		57E8B10A2F683BD9000C4E1D /* TeacherDetailView.swift */ = {isa = PBXFileReference; lastKnownFileType = sourcecode.swift; path = TeacherDetailView.swift; sourceTree = "<group>"; };
		D838D8CE2F7BF1A20056A392 /* GoogleService-Info.plist */ = {isa = PBXFileReference; fileEncoding = 4; lastKnownFileType = text.plist.xml; path = "GoogleService-Info.plist"; sourceTree = "<group>"; };
		D838D8D02F7BF5270056A392 /* Routine.swift */ = {isa = PBXFileReference; lastKnownFileType = sourcecode.swift; path = Routine.swift; sourceTree = "<group>"; };
		D838D8D22F7BF5560056A392 /* RoutineService.swift */ = {isa = PBXFileReference; lastKnownFileType = sourcecode.swift; path = RoutineService.swift; sourceTree = "<group>"; };
		D838D8D42F7BF57B0056A392 /* RoutineViewModel.swift */ = {isa = PBXFileReference; lastKnownFileType = sourcecode.swift; path = RoutineViewModel.swift; sourceTree = "<group>"; };
		D838D8D62F7BF5A10056A392 /* RoutineView.swift */ = {isa = PBXFileReference; lastKnownFileType = sourcecode.swift; path = RoutineView.swift; sourceTree = "<group>"; };
		D838D8D92F7BF69B0056A392 /* ClassSlotCard.swift */ = {isa = PBXFileReference; lastKnownFileType = sourcecode.swift; path = ClassSlotCard.swift; sourceTree = "<group>"; };
		D838D8DB2F7BF6C20056A392 /* DayChip.swift */ = {isa = PBXFileReference; lastKnownFileType = sourcecode.swift; path = DayChip.swift; sourceTree = "<group>"; };
		D838D8DE2F7BFBD50056A392 /* AdminRoutineView.swift */ = {isa = PBXFileReference; lastKnownFileType = sourcecode.swift; path = AdminRoutineView.swift; sourceTree = "<group>"; };
		D838D8E02F7BFBEB0056A392 /* AdminRoutineViewModel.swift */ = {isa = PBXFileReference; lastKnownFileType = sourcecode.swift; path = AdminRoutineViewModel.swift; sourceTree = "<group>"; };
		D838D8E62F7BFC670056A392 /* AdminRoutineService.swift */ = {isa = PBXFileReference; lastKnownFileType = sourcecode.swift; path = AdminRoutineService.swift; sourceTree = "<group>"; };
		D838D8E82F7BFD210056A392 /* PDFRoutineData.swift */ = {isa = PBXFileReference; lastKnownFileType = sourcecode.swift; path = PDFRoutineData.swift; sourceTree = "<group>"; };
		D838D8EA2F7C1F560056A392 /* Notice.swift */ = {isa = PBXFileReference; lastKnownFileType = sourcecode.swift; path = Notice.swift; sourceTree = "<group>"; };
		D838D8EC2F7C1F950056A392 /* NoticeService.swift */ = {isa = PBXFileReference; lastKnownFileType = sourcecode.swift; path = NoticeService.swift; sourceTree = "<group>"; };
		D838D8EE2F7C1FBF0056A392 /* NoticeViewModel.swift */ = {isa = PBXFileReference; lastKnownFileType = sourcecode.swift; path = NoticeViewModel.swift; sourceTree = "<group>"; };
		D838D8F02F7C1FFF0056A392 /* NoticeListView.swift */ = {isa = PBXFileReference; lastKnownFileType = sourcecode.swift; path = NoticeListView.swift; sourceTree = "<group>"; };
		D838D8F22F7C20320056A392 /* AdminNoticeView.swift */ = {isa = PBXFileReference; lastKnownFileType = sourcecode.swift; path = AdminNoticeView.swift; sourceTree = "<group>"; };
		D838D8F42F7C21AD0056A392 /* MyClassHub.entitlements */ = {isa = PBXFileReference; lastKnownFileType = text.plist.entitlements; path = MyClassHub.entitlements; sourceTree = "<group>"; };
		D838D8F52F7C21BA0056A392 /* Info.plist */ = {isa = PBXFileReference; lastKnownFileType = text.plist; path = Info.plist; sourceTree = "<group>"; };
/* End PBXFileReference section */

/* Begin PBXFrameworksBuildPhase section */
		57D57C772F64239400C9A995 /* Frameworks */ = {
			isa = PBXFrameworksBuildPhase;
			buildActionMask = 2147483647;
			files = (
				57E034992F68133000282168 /* FirebaseMessaging in Frameworks */,
				57E0349B2F68133000282168 /* FirebaseStorage in Frameworks */,
				57E034952F68133000282168 /* FirebaseAuth in Frameworks */,
				57E034972F68133000282168 /* FirebaseFirestore in Frameworks */,
			);
			runOnlyForDeploymentPostprocessing = 0;
		};
		57D57C872F64239600C9A995 /* Frameworks */ = {
			isa = PBXFrameworksBuildPhase;
			buildActionMask = 2147483647;
			files = (
			);
			runOnlyForDeploymentPostprocessing = 0;
		};
		57D57C912F64239600C9A995 /* Frameworks */ = {
			isa = PBXFrameworksBuildPhase;
			buildActionMask = 2147483647;
			files = (
			);
			runOnlyForDeploymentPostprocessing = 0;
		};
/* End PBXFrameworksBuildPhase section */

/* Begin PBXGroup section */
		57D57C712F64239400C9A995 = {
			isa = PBXGroup;
			children = (
				57D57CAB2F64303900C9A995 /* .gitignore */,
				57D57C7C2F64239400C9A995 /* MyClassHub */,
				57D57C8D2F64239600C9A995 /* MyClassHubTests */,
				57D57C972F64239600C9A995 /* MyClassHubUITests */,
				57D57C7B2F64239400C9A995 /* Products */,
			);
			sourceTree = "<group>";
		};
		57D57C7B2F64239400C9A995 /* Products */ = {
			isa = PBXGroup;
			children = (
				57D57C7A2F64239400C9A995 /* MyClassHub.app */,
				57D57C8A2F64239600C9A995 /* MyClassHubTests.xctest */,
				57D57C942F64239600C9A995 /* MyClassHubUITests.xctest */,
			);
			name = Products;
			sourceTree = "<group>";
		};
		57D57C7C2F64239400C9A995 /* MyClassHub */ = {
			isa = PBXGroup;
			children = (
				D838D8F52F7C21BA0056A392 /* Info.plist */,
				D838D8F42F7C21AD0056A392 /* MyClassHub.entitlements */,
				D838D8CE2F7BF1A20056A392 /* GoogleService-Info.plist */,
				57E034A52F68162000282168 /* Views */,
				57E034A22F6815B800282168 /* ViewModels */,
				57E0349F2F6814E400282168 /* Services */,
				57E0349C2F68149D00282168 /* Models */,
				57D57C7D2F64239400C9A995 /* MyClassHubApp.swift */,
				57D57C7F2F64239400C9A995 /* ContentView.swift */,
				57D57C812F64239600C9A995 /* Assets.xcassets */,
				57D57C832F64239600C9A995 /* Preview Content */,
			);
			path = MyClassHub;
			sourceTree = "<group>";
		};
		57D57C832F64239600C9A995 /* Preview Content */ = {
			isa = PBXGroup;
			children = (
				57D57C842F64239600C9A995 /* Preview Assets.xcassets */,
			);
			path = "Preview Content";
			sourceTree = "<group>";
		};
		57D57C8D2F64239600C9A995 /* MyClassHubTests */ = {
			isa = PBXGroup;
			children = (
				57D57C8E2F64239600C9A995 /* MyClassHubTests.swift */,
			);
			path = MyClassHubTests;
			sourceTree = "<group>";
		};
		57D57C972F64239600C9A995 /* MyClassHubUITests */ = {
			isa = PBXGroup;
			children = (
				57D57C982F64239600C9A995 /* MyClassHubUITests.swift */,
				57D57C9A2F64239600C9A995 /* MyClassHubUITestsLaunchTests.swift */,
			);
			path = MyClassHubUITests;
			sourceTree = "<group>";
		};
		57E0349C2F68149D00282168 /* Models */ = {
			isa = PBXGroup;
			children = (
				57E0349D2F6814C900282168 /* User.swift */,
				57E8B1002F683A1A000C4E1D /* Teacher.swift */,
				57D6AA1D2F684A5C00B1D644 /* Batchmate.swift */,
				D838D8D02F7BF5270056A392 /* Routine.swift */,
				D838D8EA2F7C1F560056A392 /* Notice.swift */,
			);
			path = Models;
			sourceTree = "<group>";
		};
		57E0349F2F6814E400282168 /* Services */ = {
			isa = PBXGroup;
			children = (
				D838D8E42F7BFC440056A392 /* Admin */,
				57E034A02F6814FD00282168 /* AuthService.swift */,
				57E8B1022F683A4B000C4E1D /* TeacherService.swift */,
				57D6AA1F2F684A9A00B1D644 /* BatchmateService.swift */,
				D838D8D22F7BF5560056A392 /* RoutineService.swift */,
				D838D8EC2F7C1F950056A392 /* NoticeService.swift */,
			);
			path = Services;
			sourceTree = "<group>";
		};
		57E034A22F6815B800282168 /* ViewModels */ = {
			isa = PBXGroup;
			children = (
				D838D8E22F7BFC170056A392 /* Admin */,
				57E034A32F6815CF00282168 /* AuthViewModel.swift */,
				57E8B1042F683AC4000C4E1D /* TeacherViewModel.swift */,
				57D6AA212F684B0F00B1D644 /* BatchmateViewModel.swift */,
				D838D8D42F7BF57B0056A392 /* RoutineViewModel.swift */,
				D838D8EE2F7C1FBF0056A392 /* NoticeViewModel.swift */,
			);
			path = ViewModels;
			sourceTree = "<group>";
		};
		57E034A52F68162000282168 /* Views */ = {
			isa = PBXGroup;
			children = (
				57E034B32F68198C00282168 /* User */,
				57E034B02F68196500282168 /* Admin */,
				57E034AD2F6817D600282168 /* Shared */,
				57E034A82F68173D00282168 /* Auth */,
				57E034A62F68163400282168 /* RootView.swift */,
			);
			path = Views;
			sourceTree = "<group>";
		};
		57E034A82F68173D00282168 /* Auth */ = {
			isa = PBXGroup;
			children = (
				57E034A92F68175400282168 /* LoginView.swift */,
				57E034AB2F6817AD00282168 /* RegisterView.swift */,
			);
			path = Auth;
			sourceTree = "<group>";
		};
		57E034AD2F6817D600282168 /* Shared */ = {
			isa = PBXGroup;
			children = (
				57E034AE2F6817EB00282168 /* LoadingView.swift */,
				57D6AA252F684B8700B1D644 /* BatchmateCardView.swift */,
			);
			path = Shared;
			sourceTree = "<group>";
		};
		57E034B02F68196500282168 /* Admin */ = {
			isa = PBXGroup;
			children = (
				D838D8DD2F7BFBA90056A392 /* Routine */,
				57E034B12F68197C00282168 /* AdminDashboardView.swift */,
				D838D8E82F7BFD210056A392 /* PDFRoutineData.swift */,
				D838D8F22F7C20320056A392 /* AdminNoticeView.swift */,
			);
			path = Admin;
			sourceTree = "<group>";
		};
		57E034B32F68198C00282168 /* User */ = {
			isa = PBXGroup;
			children = (
				D838D8D82F7BF6690056A392 /* Routine */,
				57E034B42F6819A000282168 /* UserDashboardView.swift */,
				57E034B62F68262C00282168 /* SettingsView.swift */,
				57E8B1062F683B18000C4E1D /* OurTeachersView.swift */,
				57E8B1082F683B91000C4E1D /* TeacherRowView.swift */,
				57E8B10A2F683BD9000C4E1D /* TeacherDetailView.swift */,
				57D6AA232F684B4900B1D644 /* MyBatchmatesView.swift */,
				57D6AA272F684BB800B1D644 /* BatchmateDetailView.swift */,
				D838D8F02F7C1FFF0056A392 /* NoticeListView.swift */,
			);
			path = User;
			sourceTree = "<group>";
		};
		D838D8D82F7BF6690056A392 /* Routine */ = {
			isa = PBXGroup;
			children = (
				D838D8D62F7BF5A10056A392 /* RoutineView.swift */,
				D838D8D92F7BF69B0056A392 /* ClassSlotCard.swift */,
				D838D8DB2F7BF6C20056A392 /* DayChip.swift */,
			);
			path = Routine;
			sourceTree = "<group>";
		};
		D838D8DD2F7BFBA90056A392 /* Routine */ = {
			isa = PBXGroup;
			children = (
				D838D8DE2F7BFBD50056A392 /* AdminRoutineView.swift */,
			);
			path = Routine;
			sourceTree = "<group>";
		};
		D838D8E22F7BFC170056A392 /* Admin */ = {
			isa = PBXGroup;
			children = (
				D838D8E32F7BFC2E0056A392 /* Routine */,
			);
			path = Admin;
			sourceTree = "<group>";
		};
		D838D8E32F7BFC2E0056A392 /* Routine */ = {
			isa = PBXGroup;
			children = (
				D838D8E02F7BFBEB0056A392 /* AdminRoutineViewModel.swift */,
			);
			path = Routine;
			sourceTree = "<group>";
		};
		D838D8E42F7BFC440056A392 /* Admin */ = {
			isa = PBXGroup;
			children = (
				D838D8E52F7BFC4D0056A392 /* Routine */,
			);
			path = Admin;
			sourceTree = "<group>";
		};
		D838D8E52F7BFC4D0056A392 /* Routine */ = {
			isa = PBXGroup;
			children = (
				D838D8E62F7BFC670056A392 /* AdminRoutineService.swift */,
			);
			path = Routine;
			sourceTree = "<group>";
		};
/* End PBXGroup section */

/* Begin PBXNativeTarget section */
		57D57C792F64239400C9A995 /* MyClassHub */ = {
			isa = PBXNativeTarget;
			buildConfigurationList = 57D57C9E2F64239600C9A995 /* Build configuration list for PBXNativeTarget "MyClassHub" */;
			buildPhases = (
				57D57C762F64239400C9A995 /* Sources */,
				57D57C772F64239400C9A995 /* Frameworks */,
				57D57C782F64239400C9A995 /* Resources */,
			);
			buildRules = (
			);
			dependencies = (
			);
			name = MyClassHub;
			packageProductDependencies = (
				57E034942F68133000282168 /* FirebaseAuth */,
				57E034962F68133000282168 /* FirebaseFirestore */,
				57E034982F68133000282168 /* FirebaseMessaging */,
				57E0349A2F68133000282168 /* FirebaseStorage */,
			);
			productName = MyClassHub;
			productReference = 57D57C7A2F64239400C9A995 /* MyClassHub.app */;
			productType = "com.apple.product-type.application";
		};
		57D57C892F64239600C9A995 /* MyClassHubTests */ = {
			isa = PBXNativeTarget;
			buildConfigurationList = 57D57CA12F64239600C9A995 /* Build configuration list for PBXNativeTarget "MyClassHubTests" */;
			buildPhases = (
				57D57C862F64239600C9A995 /* Sources */,
				57D57C872F64239600C9A995 /* Frameworks */,
				57D57C882F64239600C9A995 /* Resources */,
			);
			buildRules = (
			);
			dependencies = (
				57D57C8C2F64239600C9A995 /* PBXTargetDependency */,
			);
			name = MyClassHubTests;
			productName = MyClassHubTests;
			productReference = 57D57C8A2F64239600C9A995 /* MyClassHubTests.xctest */;
			productType = "com.apple.product-type.bundle.unit-test";
		};
		57D57C932F64239600C9A995 /* MyClassHubUITests */ = {
			isa = PBXNativeTarget;
			buildConfigurationList = 57D57CA42F64239600C9A995 /* Build configuration list for PBXNativeTarget "MyClassHubUITests" */;
			buildPhases = (
				57D57C902F64239600C9A995 /* Sources */,
				57D57C912F64239600C9A995 /* Frameworks */,
				57D57C922F64239600C9A995 /* Resources */,
			);
			buildRules = (
			);
			dependencies = (
				57D57C962F64239600C9A995 /* PBXTargetDependency */,
			);
			name = MyClassHubUITests;
			productName = MyClassHubUITests;
			productReference = 57D57C942F64239600C9A995 /* MyClassHubUITests.xctest */;
			productType = "com.apple.product-type.bundle.ui-testing";
		};
/* End PBXNativeTarget section */

/* Begin PBXProject section */
		57D57C722F64239400C9A995 /* Project object */ = {
			isa = PBXProject;
			attributes = {
				BuildIndependentTargetsInParallel = 1;
				LastSwiftUpdateCheck = 1430;
				LastUpgradeCheck = 1430;
				TargetAttributes = {
					57D57C792F64239400C9A995 = {
						CreatedOnToolsVersion = 14.3.1;
					};
					57D57C892F64239600C9A995 = {
						CreatedOnToolsVersion = 14.3.1;
						TestTargetID = 57D57C792F64239400C9A995;
					};
					57D57C932F64239600C9A995 = {
						CreatedOnToolsVersion = 14.3.1;
						TestTargetID = 57D57C792F64239400C9A995;
					};
				};
			};
			buildConfigurationList = 57D57C752F64239400C9A995 /* Build configuration list for PBXProject "MyClassHub" */;
			compatibilityVersion = "Xcode 14.0";
			developmentRegion = en;
			hasScannedForEncodings = 0;
			knownRegions = (
				en,
				Base,
			);
			mainGroup = 57D57C712F64239400C9A995;
			packageReferences = (
				57E034932F68133000282168 /* XCRemoteSwiftPackageReference "firebase-ios-sdk" */,
			);
			productRefGroup = 57D57C7B2F64239400C9A995 /* Products */;
			projectDirPath = "";
			projectRoot = "";
			targets = (
				57D57C792F64239400C9A995 /* MyClassHub */,
				57D57C892F64239600C9A995 /* MyClassHubTests */,
				57D57C932F64239600C9A995 /* MyClassHubUITests */,
			);
		};
/* End PBXProject section */

/* Begin PBXResourcesBuildPhase section */
		57D57C782F64239400C9A995 /* Resources */ = {
			isa = PBXResourcesBuildPhase;
			buildActionMask = 2147483647;
			files = (
				57D57CAC2F64303A00C9A995 /* .gitignore in Resources */,
				D838D8CF2F7BF1A20056A392 /* GoogleService-Info.plist in Resources */,
				57D57C852F64239600C9A995 /* Preview Assets.xcassets in Resources */,
				57D57C822F64239600C9A995 /* Assets.xcassets in Resources */,
			);
			runOnlyForDeploymentPostprocessing = 0;
		};
		57D57C882F64239600C9A995 /* Resources */ = {
			isa = PBXResourcesBuildPhase;
			buildActionMask = 2147483647;
			files = (
			);
			runOnlyForDeploymentPostprocessing = 0;
		};
		57D57C922F64239600C9A995 /* Resources */ = {
			isa = PBXResourcesBuildPhase;
			buildActionMask = 2147483647;
			files = (
			);
			runOnlyForDeploymentPostprocessing = 0;
		};
/* End PBXResourcesBuildPhase section */

/* Begin PBXSourcesBuildPhase section */
		57D57C762F64239400C9A995 /* Sources */ = {
			isa = PBXSourcesBuildPhase;
			buildActionMask = 2147483647;
			files = (
				57E8B1072F683B19000C4E1D /* OurTeachersView.swift in Sources */,
				57E034A42F6815CF00282168 /* AuthViewModel.swift in Sources */,
				57D6AA262F684B8700B1D644 /* BatchmateCardView.swift in Sources */,
				57E034AA2F68175400282168 /* LoginView.swift in Sources */,
				D838D8D52F7BF57B0056A392 /* RoutineViewModel.swift in Sources */,
				57E034B52F6819A000282168 /* UserDashboardView.swift in Sources */,
				57D6AA242F684B4900B1D644 /* MyBatchmatesView.swift in Sources */,
				D838D8E72F7BFC670056A392 /* AdminRoutineService.swift in Sources */,
				D838D8F32F7C20320056A392 /* AdminNoticeView.swift in Sources */,
				57E8B1092F683B91000C4E1D /* TeacherRowView.swift in Sources */,
				57D57C802F64239400C9A995 /* ContentView.swift in Sources */,
				D838D8EB2F7C1F560056A392 /* Notice.swift in Sources */,
				57E8B1052F683AC4000C4E1D /* TeacherViewModel.swift in Sources */,
				57E8B1012F683A1A000C4E1D /* Teacher.swift in Sources */,
				D838D8ED2F7C1F950056A392 /* NoticeService.swift in Sources */,
				D838D8D12F7BF5270056A392 /* Routine.swift in Sources */,
				D838D8EF2F7C1FBF0056A392 /* NoticeViewModel.swift in Sources */,
				57E034B22F68197C00282168 /* AdminDashboardView.swift in Sources */,
				57E034A72F68163400282168 /* RootView.swift in Sources */,
				57D57C7E2F64239400C9A995 /* MyClassHubApp.swift in Sources */,
				57D6AA202F684A9A00B1D644 /* BatchmateService.swift in Sources */,
				57D6AA222F684B0F00B1D644 /* BatchmateViewModel.swift in Sources */,
				D838D8E12F7BFBEB0056A392 /* AdminRoutineViewModel.swift in Sources */,
				D838D8DA2F7BF69B0056A392 /* ClassSlotCard.swift in Sources */,
				57E8B1032F683A4B000C4E1D /* TeacherService.swift in Sources */,
				57E034AC2F6817AD00282168 /* RegisterView.swift in Sources */,
				57E0349E2F6814C900282168 /* User.swift in Sources */,
				D838D8F12F7C1FFF0056A392 /* NoticeListView.swift in Sources */,
				D838D8E92F7BFD210056A392 /* PDFRoutineData.swift in Sources */,
				57E034B72F68262C00282168 /* SettingsView.swift in Sources */,
				D838D8DF2F7BFBD50056A392 /* AdminRoutineView.swift in Sources */,
				D838D8DC2F7BF6C20056A392 /* DayChip.swift in Sources */,
				D838D8D32F7BF5560056A392 /* RoutineService.swift in Sources */,
				57D6AA282F684BB800B1D644 /* BatchmateDetailView.swift in Sources */,
				57E034A12F6814FD00282168 /* AuthService.swift in Sources */,
				57D6AA1E2F684A5C00B1D644 /* Batchmate.swift in Sources */,
				D838D8D72F7BF5A10056A392 /* RoutineView.swift in Sources */,
				57E8B10B2F683BD9000C4E1D /* TeacherDetailView.swift in Sources */,
				57E034AF2F6817EB00282168 /* LoadingView.swift in Sources */,
			);
			runOnlyForDeploymentPostprocessing = 0;
		};
		57D57C862F64239600C9A995 /* Sources */ = {
			isa = PBXSourcesBuildPhase;
			buildActionMask = 2147483647;
			files = (
				57D57C8F2F64239600C9A995 /* MyClassHubTests.swift in Sources */,
			);
			runOnlyForDeploymentPostprocessing = 0;
		};
		57D57C902F64239600C9A995 /* Sources */ = {
			isa = PBXSourcesBuildPhase;
			buildActionMask = 2147483647;
			files = (
				57D57C992F64239600C9A995 /* MyClassHubUITests.swift in Sources */,
				57D57C9B2F64239600C9A995 /* MyClassHubUITestsLaunchTests.swift in Sources */,
			);
			runOnlyForDeploymentPostprocessing = 0;
		};
/* End PBXSourcesBuildPhase section */

/* Begin PBXTargetDependency section */
		57D57C8C2F64239600C9A995 /* PBXTargetDependency */ = {
			isa = PBXTargetDependency;
			target = 57D57C792F64239400C9A995 /* MyClassHub */;
			targetProxy = 57D57C8B2F64239600C9A995 /* PBXContainerItemProxy */;
		};
		57D57C962F64239600C9A995 /* PBXTargetDependency */ = {
			isa = PBXTargetDependency;
			target = 57D57C792F64239400C9A995 /* MyClassHub */;
			targetProxy = 57D57C952F64239600C9A995 /* PBXContainerItemProxy */;
		};
/* End PBXTargetDependency section */

/* Begin XCBuildConfiguration section */
		57D57C9C2F64239600C9A995 /* Debug */ = {
			isa = XCBuildConfiguration;
			buildSettings = {
				ALWAYS_SEARCH_USER_PATHS = NO;
				CLANG_ANALYZER_NONNULL = YES;
				CLANG_ANALYZER_NUMBER_OBJECT_CONVERSION = YES_AGGRESSIVE;
				CLANG_CXX_LANGUAGE_STANDARD = "gnu++20";
				CLANG_ENABLE_MODULES = YES;
				CLANG_ENABLE_OBJC_ARC = YES;
				CLANG_ENABLE_OBJC_WEAK = YES;
				CLANG_WARN_BLOCK_CAPTURE_AUTORELEASING = YES;
				CLANG_WARN_BOOL_CONVERSION = YES;
				CLANG_WARN_COMMA = YES;
				CLANG_WARN_CONSTANT_CONVERSION = YES;
				CLANG_WARN_DEPRECATED_OBJC_IMPLEMENTATIONS = YES;
				CLANG_WARN_DIRECT_OBJC_ISA_USAGE = YES_ERROR;
				CLANG_WARN_DOCUMENTATION_COMMENTS = YES;
				CLANG_WARN_EMPTY_BODY = YES;
				CLANG_WARN_ENUM_CONVERSION = YES;
				CLANG_WARN_INFINITE_RECURSION = YES;
				CLANG_WARN_INT_CONVERSION = YES;
				CLANG_WARN_NON_LITERAL_NULL_CONVERSION = YES;
				CLANG_WARN_OBJC_IMPLICIT_RETAIN_SELF = YES;
				CLANG_WARN_OBJC_LITERAL_CONVERSION = YES;
				CLANG_WARN_OBJC_ROOT_CLASS = YES_ERROR;
				CLANG_WARN_QUOTED_INCLUDE_IN_FRAMEWORK_HEADER = YES;
				CLANG_WARN_RANGE_LOOP_ANALYSIS = YES;
				CLANG_WARN_STRICT_PROTOTYPES = YES;
				CLANG_WARN_SUSPICIOUS_MOVE = YES;
				CLANG_WARN_UNGUARDED_AVAILABILITY = YES_AGGRESSIVE;
				CLANG_WARN_UNREACHABLE_CODE = YES;
				CLANG_WARN__DUPLICATE_METHOD_MATCH = YES;
				COPY_PHASE_STRIP = NO;
				DEBUG_INFORMATION_FORMAT = dwarf;
				ENABLE_STRICT_OBJC_MSGSEND = YES;
				ENABLE_TESTABILITY = YES;
				GCC_C_LANGUAGE_STANDARD = gnu11;
				GCC_DYNAMIC_NO_PIC = NO;
				GCC_NO_COMMON_BLOCKS = YES;
				GCC_OPTIMIZATION_LEVEL = 0;
				GCC_PREPROCESSOR_DEFINITIONS = (
					"DEBUG=1",
					"$(inherited)",
				);
				GCC_WARN_64_TO_32_BIT_CONVERSION = YES;
				GCC_WARN_ABOUT_RETURN_TYPE = YES_ERROR;
				GCC_WARN_UNDECLARED_SELECTOR = YES;
				GCC_WARN_UNINITIALIZED_AUTOS = YES_AGGRESSIVE;
				GCC_WARN_UNUSED_FUNCTION = YES;
				GCC_WARN_UNUSED_VARIABLE = YES;
				IPHONEOS_DEPLOYMENT_TARGET = 16.4;
				MTL_ENABLE_DEBUG_INFO = INCLUDE_SOURCE;
				MTL_FAST_MATH = YES;
				ONLY_ACTIVE_ARCH = YES;
				SDKROOT = iphoneos;
				SWIFT_ACTIVE_COMPILATION_CONDITIONS = DEBUG;
				SWIFT_OPTIMIZATION_LEVEL = "-Onone";
			};
			name = Debug;
		};
		57D57C9D2F64239600C9A995 /* Release */ = {
			isa = XCBuildConfiguration;
			buildSettings = {
				ALWAYS_SEARCH_USER_PATHS = NO;
				CLANG_ANALYZER_NONNULL = YES;
				CLANG_ANALYZER_NUMBER_OBJECT_CONVERSION = YES_AGGRESSIVE;
				CLANG_CXX_LANGUAGE_STANDARD = "gnu++20";
				CLANG_ENABLE_MODULES = YES;
				CLANG_ENABLE_OBJC_ARC = YES;
				CLANG_ENABLE_OBJC_WEAK = YES;
				CLANG_WARN_BLOCK_CAPTURE_AUTORELEASING = YES;
				CLANG_WARN_BOOL_CONVERSION = YES;
				CLANG_WARN_COMMA = YES;
				CLANG_WARN_CONSTANT_CONVERSION = YES;
				CLANG_WARN_DEPRECATED_OBJC_IMPLEMENTATIONS = YES;
				CLANG_WARN_DIRECT_OBJC_ISA_USAGE = YES_ERROR;
				CLANG_WARN_DOCUMENTATION_COMMENTS = YES;
				CLANG_WARN_EMPTY_BODY = YES;
				CLANG_WARN_ENUM_CONVERSION = YES;
				CLANG_WARN_INFINITE_RECURSION = YES;
				CLANG_WARN_INT_CONVERSION = YES;
				CLANG_WARN_NON_LITERAL_NULL_CONVERSION = YES;
				CLANG_WARN_OBJC_IMPLICIT_RETAIN_SELF = YES;
				CLANG_WARN_OBJC_LITERAL_CONVERSION = YES;
				CLANG_WARN_OBJC_ROOT_CLASS = YES_ERROR;
				CLANG_WARN_QUOTED_INCLUDE_IN_FRAMEWORK_HEADER = YES;
				CLANG_WARN_RANGE_LOOP_ANALYSIS = YES;
				CLANG_WARN_STRICT_PROTOTYPES = YES;
				CLANG_WARN_SUSPICIOUS_MOVE = YES;
				CLANG_WARN_UNGUARDED_AVAILABILITY = YES_AGGRESSIVE;
				CLANG_WARN_UNREACHABLE_CODE = YES;
				CLANG_WARN__DUPLICATE_METHOD_MATCH = YES;
				COPY_PHASE_STRIP = NO;
				DEBUG_INFORMATION_FORMAT = "dwarf-with-dsym";
				ENABLE_NS_ASSERTIONS = NO;
				ENABLE_STRICT_OBJC_MSGSEND = YES;
				GCC_C_LANGUAGE_STANDARD = gnu11;
				GCC_NO_COMMON_BLOCKS = YES;
				GCC_WARN_64_TO_32_BIT_CONVERSION = YES;
				GCC_WARN_ABOUT_RETURN_TYPE = YES_ERROR;
				GCC_WARN_UNDECLARED_SELECTOR = YES;
				GCC_WARN_UNINITIALIZED_AUTOS = YES_AGGRESSIVE;
				GCC_WARN_UNUSED_FUNCTION = YES;
				GCC_WARN_UNUSED_VARIABLE = YES;
				IPHONEOS_DEPLOYMENT_TARGET = 16.4;
				MTL_ENABLE_DEBUG_INFO = NO;
				MTL_FAST_MATH = YES;
				SDKROOT = iphoneos;
				SWIFT_COMPILATION_MODE = wholemodule;
				SWIFT_OPTIMIZATION_LEVEL = "-O";
				VALIDATE_PRODUCT = YES;
			};
			name = Release;
		};
		57D57C9F2F64239600C9A995 /* Debug */ = {
			isa = XCBuildConfiguration;
			buildSettings = {
				ASSETCATALOG_COMPILER_APPICON_NAME = AppIcon;
				ASSETCATALOG_COMPILER_GLOBAL_ACCENT_COLOR_NAME = AccentColor;
				CODE_SIGN_ENTITLEMENTS = MyClassHub/MyClassHub.entitlements;
				CODE_SIGN_STYLE = Automatic;
				CURRENT_PROJECT_VERSION = 1;
				DEVELOPMENT_ASSET_PATHS = "\"MyClassHub/Preview Content\"";
				ENABLE_PREVIEWS = YES;
				GENERATE_INFOPLIST_FILE = YES;
				INFOPLIST_FILE = MyClassHub/Info.plist;
				INFOPLIST_KEY_UIApplicationSceneManifest_Generation = YES;
				INFOPLIST_KEY_UIApplicationSupportsIndirectInputEvents = YES;
				INFOPLIST_KEY_UILaunchScreen_Generation = YES;
				INFOPLIST_KEY_UISupportedInterfaceOrientations_iPad = "UIInterfaceOrientationPortrait UIInterfaceOrientationPortraitUpsideDown UIInterfaceOrientationLandscapeLeft UIInterfaceOrientationLandscapeRight";
				INFOPLIST_KEY_UISupportedInterfaceOrientations_iPhone = "UIInterfaceOrientationPortrait UIInterfaceOrientationLandscapeLeft UIInterfaceOrientationLandscapeRight";
				LD_RUNPATH_SEARCH_PATHS = (
					"$(inherited)",
					"@executable_path/Frameworks",
				);
				MARKETING_VERSION = 1.0;
				PRODUCT_BUNDLE_IDENTIFIER = com.myclasshub.app;
				PRODUCT_NAME = "$(TARGET_NAME)";
				SWIFT_EMIT_LOC_STRINGS = YES;
				SWIFT_VERSION = 5.0;
				TARGETED_DEVICE_FAMILY = "1,2";
			};
			name = Debug;
		};
		57D57CA02F64239600C9A995 /* Release */ = {
			isa = XCBuildConfiguration;
			buildSettings = {
				ASSETCATALOG_COMPILER_APPICON_NAME = AppIcon;
				ASSETCATALOG_COMPILER_GLOBAL_ACCENT_COLOR_NAME = AccentColor;
				CODE_SIGN_ENTITLEMENTS = MyClassHub/MyClassHub.entitlements;
				CODE_SIGN_STYLE = Automatic;
				CURRENT_PROJECT_VERSION = 1;
				DEVELOPMENT_ASSET_PATHS = "\"MyClassHub/Preview Content\"";
				ENABLE_PREVIEWS = YES;
				GENERATE_INFOPLIST_FILE = YES;
				INFOPLIST_FILE = MyClassHub/Info.plist;
				INFOPLIST_KEY_UIApplicationSceneManifest_Generation = YES;
				INFOPLIST_KEY_UIApplicationSupportsIndirectInputEvents = YES;
				INFOPLIST_KEY_UILaunchScreen_Generation = YES;
				INFOPLIST_KEY_UISupportedInterfaceOrientations_iPad = "UIInterfaceOrientationPortrait UIInterfaceOrientationPortraitUpsideDown UIInterfaceOrientationLandscapeLeft UIInterfaceOrientationLandscapeRight";
				INFOPLIST_KEY_UISupportedInterfaceOrientations_iPhone = "UIInterfaceOrientationPortrait UIInterfaceOrientationLandscapeLeft UIInterfaceOrientationLandscapeRight";
				LD_RUNPATH_SEARCH_PATHS = (
					"$(inherited)",
					"@executable_path/Frameworks",
				);
				MARKETING_VERSION = 1.0;
				PRODUCT_BUNDLE_IDENTIFIER = com.myclasshub.app;
				PRODUCT_NAME = "$(TARGET_NAME)";
				SWIFT_EMIT_LOC_STRINGS = YES;
				SWIFT_VERSION = 5.0;
				TARGETED_DEVICE_FAMILY = "1,2";
			};
			name = Release;
		};
		57D57CA22F64239600C9A995 /* Debug */ = {
			isa = XCBuildConfiguration;
			buildSettings = {
				ALWAYS_EMBED_SWIFT_STANDARD_LIBRARIES = YES;
				BUNDLE_LOADER = "$(TEST_HOST)";
				CODE_SIGN_STYLE = Automatic;
				CURRENT_PROJECT_VERSION = 1;
				GENERATE_INFOPLIST_FILE = YES;
				IPHONEOS_DEPLOYMENT_TARGET = 16.4;
				MARKETING_VERSION = 1.0;
				PRODUCT_BUNDLE_IDENTIFIER = com.myclasshub.MyClassHubTests;
				PRODUCT_NAME = "$(TARGET_NAME)";
				SWIFT_EMIT_LOC_STRINGS = NO;
				SWIFT_VERSION = 5.0;
				TARGETED_DEVICE_FAMILY = "1,2";
				TEST_HOST = "$(BUILT_PRODUCTS_DIR)/MyClassHub.app/$(BUNDLE_EXECUTABLE_FOLDER_PATH)/MyClassHub";
			};
			name = Debug;
		};
		57D57CA32F64239600C9A995 /* Release */ = {
			isa = XCBuildConfiguration;
			buildSettings = {
				ALWAYS_EMBED_SWIFT_STANDARD_LIBRARIES = YES;
				BUNDLE_LOADER = "$(TEST_HOST)";
				CODE_SIGN_STYLE = Automatic;
				CURRENT_PROJECT_VERSION = 1;
				GENERATE_INFOPLIST_FILE = YES;
				IPHONEOS_DEPLOYMENT_TARGET = 16.4;
				MARKETING_VERSION = 1.0;
				PRODUCT_BUNDLE_IDENTIFIER = com.myclasshub.MyClassHubTests;
				PRODUCT_NAME = "$(TARGET_NAME)";
				SWIFT_EMIT_LOC_STRINGS = NO;
				SWIFT_VERSION = 5.0;
				TARGETED_DEVICE_FAMILY = "1,2";
				TEST_HOST = "$(BUILT_PRODUCTS_DIR)/MyClassHub.app/$(BUNDLE_EXECUTABLE_FOLDER_PATH)/MyClassHub";
			};
			name = Release;
		};
		57D57CA52F64239600C9A995 /* Debug */ = {
			isa = XCBuildConfiguration;
			buildSettings = {
				ALWAYS_EMBED_SWIFT_STANDARD_LIBRARIES = YES;
				CODE_SIGN_STYLE = Automatic;
				CURRENT_PROJECT_VERSION = 1;
				GENERATE_INFOPLIST_FILE = YES;
				MARKETING_VERSION = 1.0;
				PRODUCT_BUNDLE_IDENTIFIER = com.myclasshub.MyClassHubUITests;
				PRODUCT_NAME = "$(TARGET_NAME)";
				SWIFT_EMIT_LOC_STRINGS = NO;
				SWIFT_VERSION = 5.0;
				TARGETED_DEVICE_FAMILY = "1,2";
				TEST_TARGET_NAME = MyClassHub;
			};
			name = Debug;
		};
		57D57CA62F64239600C9A995 /* Release */ = {
			isa = XCBuildConfiguration;
			buildSettings = {
				ALWAYS_EMBED_SWIFT_STANDARD_LIBRARIES = YES;
				CODE_SIGN_STYLE = Automatic;
				CURRENT_PROJECT_VERSION = 1;
				GENERATE_INFOPLIST_FILE = YES;
				MARKETING_VERSION = 1.0;
				PRODUCT_BUNDLE_IDENTIFIER = com.myclasshub.MyClassHubUITests;
				PRODUCT_NAME = "$(TARGET_NAME)";
				SWIFT_EMIT_LOC_STRINGS = NO;
				SWIFT_VERSION = 5.0;
				TARGETED_DEVICE_FAMILY = "1,2";
				TEST_TARGET_NAME = MyClassHub;
			};
			name = Release;
		};
/* End XCBuildConfiguration section */

/* Begin XCConfigurationList section */
		57D57C752F64239400C9A995 /* Build configuration list for PBXProject "MyClassHub" */ = {
			isa = XCConfigurationList;
			buildConfigurations = (
				57D57C9C2F64239600C9A995 /* Debug */,
				57D57C9D2F64239600C9A995 /* Release */,
			);
			defaultConfigurationIsVisible = 0;
			defaultConfigurationName = Release;
		};
		57D57C9E2F64239600C9A995 /* Build configuration list for PBXNativeTarget "MyClassHub" */ = {
			isa = XCConfigurationList;
			buildConfigurations = (
				57D57C9F2F64239600C9A995 /* Debug */,
				57D57CA02F64239600C9A995 /* Release */,
			);
			defaultConfigurationIsVisible = 0;
			defaultConfigurationName = Release;
		};
		57D57CA12F64239600C9A995 /* Build configuration list for PBXNativeTarget "MyClassHubTests" */ = {
			isa = XCConfigurationList;
			buildConfigurations = (
				57D57CA22F64239600C9A995 /* Debug */,
				57D57CA32F64239600C9A995 /* Release */,
			);
			defaultConfigurationIsVisible = 0;
			defaultConfigurationName = Release;
		};
		57D57CA42F64239600C9A995 /* Build configuration list for PBXNativeTarget "MyClassHubUITests" */ = {
			isa = XCConfigurationList;
			buildConfigurations = (
				57D57CA52F64239600C9A995 /* Debug */,
				57D57CA62F64239600C9A995 /* Release */,
			);
			defaultConfigurationIsVisible = 0;
			defaultConfigurationName = Release;
		};
/* End XCConfigurationList section */

/* Begin XCRemoteSwiftPackageReference section */
		57E034932F68133000282168 /* XCRemoteSwiftPackageReference "firebase-ios-sdk" */ = {
			isa = XCRemoteSwiftPackageReference;
			repositoryURL = "https://github.com/firebase/firebase-ios-sdk";
			requirement = {
				kind = upToNextMajorVersion;
				minimumVersion = 10.25.0;
			};
		};
/* End XCRemoteSwiftPackageReference section */

/* Begin XCSwiftPackageProductDependency section */
		57E034942F68133000282168 /* FirebaseAuth */ = {
			isa = XCSwiftPackageProductDependency;
			package = 57E034932F68133000282168 /* XCRemoteSwiftPackageReference "firebase-ios-sdk" */;
			productName = FirebaseAuth;
		};
		57E034962F68133000282168 /* FirebaseFirestore */ = {
			isa = XCSwiftPackageProductDependency;
			package = 57E034932F68133000282168 /* XCRemoteSwiftPackageReference "firebase-ios-sdk" */;
			productName = FirebaseFirestore;
		};
		57E034982F68133000282168 /* FirebaseMessaging */ = {
			isa = XCSwiftPackageProductDependency;
			package = 57E034932F68133000282168 /* XCRemoteSwiftPackageReference "firebase-ios-sdk" */;
			productName = FirebaseMessaging;
		};
		57E0349A2F68133000282168 /* FirebaseStorage */ = {
			isa = XCSwiftPackageProductDependency;
			package = 57E034932F68133000282168 /* XCRemoteSwiftPackageReference "firebase-ios-sdk" */;
			productName = FirebaseStorage;
		};
/* End XCSwiftPackageProductDependency section */
	};
	rootObject = 57D57C722F64239400C9A995 /* Project object */;
}
